
Microsoft Visual Studio Solution File, Format Version 12.00
# Visual Studio Version 17
VisualStudioVersion = 17.1.32228.430
MinimumVisualStudioVersion = 10.0.40219.1
Project("{2150E333-8FDC-42A3-9474-1A3956D46DE8}") = "Service", "Service", "{D14A78F8-D732-4242-8657-1BB55A47493F}"
EndProject
Project("{2150E333-8FDC-42A3-9474-1A3956D46DE8}") = "Product", "Product", "{6AEB7BC9-3632-4108-95EB-7FA7D7B4A8BE}"
EndProject
Project("{9A19103F-16F7-4668-BE54-9A1E7A4F7556}") = "Product.API", "Service\Product\Product.API\Product.API.csproj", "{CB4E0C5B-0931-4F18-AEFA-1E4D32C12C24}"
EndProject
Project("{2150E333-8FDC-42A3-9474-1A3956D46DE8}") = "Identity", "Identity", "{631CA5C8-408C-499D-B8B0-DEB2D2057B9D}"
EndProject
Project("{FAE04EC0-301F-11D3-BF4B-00C04F79EFBC}") = "Identity.API", "Service\Identity\Identity.API\Identity.API.csproj", "{D3881B74-5A67-4708-BBF3-30E49650364D}"
EndProject
Global
	GlobalSection(SolutionConfigurationPlatforms) = preSolution
		Debug|Any CPU = Debug|Any CPU
		Release|Any CPU = Release|Any CPU
	EndGlobalSection
	GlobalSection(ProjectConfigurationPlatforms) = postSolution
		{CB4E0C5B-0931-4F18-AEFA-1E4D32C12C24}.Debug|Any CPU.ActiveCfg = Debug|Any CPU
		{CB4E0C5B-0931-4F18-AEFA-1E4D32C12C24}.Debug|Any CPU.Build.0 = Debug|Any CPU
		{CB4E0C5B-0931-4F18-AEFA-1E4D32C12C24}.Release|Any CPU.ActiveCfg = Release|Any CPU
		{CB4E0C5B-0931-4F18-AEFA-1E4D32C12C24}.Release|Any CPU.Build.0 = Release|Any CPU
		{D3881B74-5A67-4708-BBF3-30E49650364D}.Debug|Any CPU.ActiveCfg = Debug|Any CPU
		{D3881B74-5A67-4708-BBF3-30E49650364D}.Debug|Any CPU.Build.0 = Debug|Any CPU
		{D3881B74-5A67-4708-BBF3-30E49650364D}.Release|Any CPU.ActiveCfg = Release|Any CPU
		{D3881B74-5A67-4708-BBF3-30E49650364D}.Release|Any CPU.Build.0 = Release|Any CPU
	EndGlobalSection
	GlobalSection(SolutionProperties) = preSolution
		HideSolutionNode = FALSE
	EndGlobalSection
	GlobalSection(NestedProjects) = preSolution
		{6AEB7BC9-3632-4108-95EB-7FA7D7B4A8BE} = {D14A78F8-D732-4242-8657-1BB55A47493F}
		{CB4E0C5B-0931-4F18-AEFA-1E4D32C12C24} = {6AEB7BC9-3632-4108-95EB-7FA7D7B4A8BE}
		{631CA5C8-408C-499D-B8B0-DEB2D2057B9D} = {D14A78F8-D732-4242-8657-1BB55A47493F}
		{D3881B74-5A67-4708-BBF3-30E49650364D} = {631CA5C8-408C-499D-B8B0-DEB2D2057B9D}
	EndGlobalSection
	GlobalSection(ExtensibilityGlobals) = postSolution
		SolutionGuid = {317B7CB2-C734-4E07-8D32-8129899F9576}
	EndGlobalSection
EndGlobal
